
Microsoft Visual Studio Solution File, Format Version 12.00
# Visual Studio Version 16
VisualStudioVersion = 16.0.33927.289
MinimumVisualStudioVersion = 10.0.40219.1
Project("{2150E333-8FDC-42A3-9474-1A3956D46DE8}") = "Task0", "Task0", "{CB93CBE3-B1CB-41C2-9EED-EE8865AD1DA7}"
EndProject
Project("{FAE04EC0-301F-11D3-BF4B-00C04F79EFBC}") = "Tyuiu.KonyushevskyAA.Sprint1.Task0.V5", "Tyuiu.KonyushevskyAA.Sprint1.Task0.V5\Tyuiu.KonyushevskyAA.Sprint1.Task0.V5.csproj", "{56086777-9FD3-4966-8732-B6961E675BD8}"
EndProject
Project("{FAE04EC0-301F-11D3-BF4B-00C04F79EFBC}") = "Tyuiu.KonyushevskyAA.Sprint1.Task0.V5.Lib", "Tyuiu.KonyushevskyAA.Sprint1.Task0.V5.Lib\Tyuiu.KonyushevskyAA.Sprint1.Task0.V5.Lib.csproj", "{F92FDF6C-A859-4668-8293-DA8EAE900B39}"
EndProject
Project("{FAE04EC0-301F-11D3-BF4B-00C04F79EFBC}") = "Tyuiu.KonyushevskyAA.Sprint1.Task0.V5.Test", "Tyuiu.KonyushevskyAA.Sprint1.Task0.V5.Test\Tyuiu.KonyushevskyAA.Sprint1.Task0.V5.Test.csproj", "{64E18C74-E4AA-4B49-AD35-3FD59D23C0A1}"
EndProject
Project("{2150E333-8FDC-42A3-9474-1A3956D46DE8}") = "Task1", "Task1", "{E4C2C2A7-683A-4828-B1CF-A3A2A1678B05}"
EndProject
Project("{FAE04EC0-301F-11D3-BF4B-00C04F79EFBC}") = "Tyuiu.KonyushevskyAA.Sprint1.Task1.V16", "Tyuiu.KonyushevskyAA.Sprint1.Task1.V16\Tyuiu.KonyushevskyAA.Sprint1.Task1.V16.csproj", "{1BE0EE49-9CA6-4967-BB4D-924117AADF93}"
EndProject
Project("{FAE04EC0-301F-11D3-BF4B-00C04F79EFBC}") = "Tyuiu.KonyushevskyAA.Sprint1.Task1.V16.Lib", "Tyuiu.KonyushevskyAA.Sprint1.Task1.V16.Lib\Tyuiu.KonyushevskyAA.Sprint1.Task1.V16.Lib.csproj", "{95E00844-DA8B-4AD6-9A8E-4DE7BF4A2725}"
EndProject
Project("{FAE04EC0-301F-11D3-BF4B-00C04F79EFBC}") = "Tyuiu.KonyushevskyAA.Sprint1.Task1.V16.Test", "Tyuiu.KonyushevskyAA.Sprint1.Task1.V16.Test\Tyuiu.KonyushevskyAA.Sprint1.Task1.V16.Test.csproj", "{536DF681-9C5F-4240-98A2-50FC227B8C53}"
EndProject
Project("{2150E333-8FDC-42A3-9474-1A3956D46DE8}") = "Task2", "Task2", "{2CC46B04-8AB5-42DC-A2CF-D880E0F38468}"
EndProject
Project("{FAE04EC0-301F-11D3-BF4B-00C04F79EFBC}") = "Tyuiu.KonyushevskyAA.Sprint1.Task2.V27", "Tyuiu.KonyushevskyAA.Sprint1.Task2.V27\Tyuiu.KonyushevskyAA.Sprint1.Task2.V27.csproj", "{002FA3BF-6585-4041-96BC-19414D2427D7}"
EndProject
Project("{FAE04EC0-301F-11D3-BF4B-00C04F79EFBC}") = "Tyuiu.KonyushevskyAA.Sprint1.Task2.V27.Lib", "Tyuiu.KonyushevskyAA.Sprint1.Task2.V27.Lib\Tyuiu.KonyushevskyAA.Sprint1.Task2.V27.Lib.csproj", "{0806F24C-6431-435C-BD6E-E5108237B38C}"
EndProject
Project("{FAE04EC0-301F-11D3-BF4B-00C04F79EFBC}") = "Tyuiu.KonyushevskyAA.Sprint1.Task2.V27.Test", "Tyuiu.KonyushevskyAA.Sprint1.Task2.V27.Test\Tyuiu.KonyushevskyAA.Sprint1.Task2.V27.Test.csproj", "{2B619B52-DAD5-4588-B16B-8D499CF09897}"
EndProject
Global
	GlobalSection(SolutionConfigurationPlatforms) = preSolution
		Debug|Any CPU = Debug|Any CPU
		Release|Any CPU = Release|Any CPU
	EndGlobalSection
	GlobalSection(ProjectConfigurationPlatforms) = postSolution
		{56086777-9FD3-4966-8732-B6961E675BD8}.Debug|Any CPU.ActiveCfg = Debug|Any CPU
		{56086777-9FD3-4966-8732-B6961E675BD8}.Debug|Any CPU.Build.0 = Debug|Any CPU
		{56086777-9FD3-4966-8732-B6961E675BD8}.Release|Any CPU.ActiveCfg = Release|Any CPU
		{56086777-9FD3-4966-8732-B6961E675BD8}.Release|Any CPU.Build.0 = Release|Any CPU
		{F92FDF6C-A859-4668-8293-DA8EAE900B39}.Debug|Any CPU.ActiveCfg = Debug|Any CPU
		{F92FDF6C-A859-4668-8293-DA8EAE900B39}.Debug|Any CPU.Build.0 = Debug|Any CPU
		{F92FDF6C-A859-4668-8293-DA8EAE900B39}.Release|Any CPU.ActiveCfg = Release|Any CPU
		{F92FDF6C-A859-4668-8293-DA8EAE900B39}.Release|Any CPU.Build.0 = Release|Any CPU
		{64E18C74-E4AA-4B49-AD35-3FD59D23C0A1}.Debug|Any CPU.ActiveCfg = Debug|Any CPU
		{64E18C74-E4AA-4B49-AD35-3FD59D23C0A1}.Debug|Any CPU.Build.0 = Debug|Any CPU
		{64E18C74-E4AA-4B49-AD35-3FD59D23C0A1}.Release|Any CPU.ActiveCfg = Release|Any CPU
		{64E18C74-E4AA-4B49-AD35-3FD59D23C0A1}.Release|Any CPU.Build.0 = Release|Any CPU
		{1BE0EE49-9CA6-4967-BB4D-924117AADF93}.Debug|Any CPU.ActiveCfg = Debug|Any CPU
		{1BE0EE49-9CA6-4967-BB4D-924117AADF93}.Debug|Any CPU.Build.0 = Debug|Any CPU
		{1BE0EE49-9CA6-4967-BB4D-924117AADF93}.Release|Any CPU.ActiveCfg = Release|Any CPU
		{1BE0EE49-9CA6-4967-BB4D-924117AADF93}.Release|Any CPU.Build.0 = Release|Any CPU
		{95E00844-DA8B-4AD6-9A8E-4DE7BF4A2725}.Debug|Any CPU.ActiveCfg = Debug|Any CPU
		{95E00844-DA8B-4AD6-9A8E-4DE7BF4A2725}.Debug|Any CPU.Build.0 = Debug|Any CPU
		{95E00844-DA8B-4AD6-9A8E-4DE7BF4A2725}.Release|Any CPU.ActiveCfg = Release|Any CPU
		{95E00844-DA8B-4AD6-9A8E-4DE7BF4A2725}.Release|Any CPU.Build.0 = Release|Any CPU
		{536DF681-9C5F-4240-98A2-50FC227B8C53}.Debug|Any CPU.ActiveCfg = Debug|Any CPU
		{536DF681-9C5F-4240-98A2-50FC227B8C53}.Debug|Any CPU.Build.0 = Debug|Any CPU
		{536DF681-9C5F-4240-98A2-50FC227B8C53}.Release|Any CPU.ActiveCfg = Release|Any CPU
		{536DF681-9C5F-4240-98A2-50FC227B8C53}.Release|Any CPU.Build.0 = Release|Any CPU
		{002FA3BF-6585-4041-96BC-19414D2427D7}.Debug|Any CPU.ActiveCfg = Debug|Any CPU
		{002FA3BF-6585-4041-96BC-19414D2427D7}.Debug|Any CPU.Build.0 = Debug|Any CPU
		{002FA3BF-6585-4041-96BC-19414D2427D7}.Release|Any CPU.ActiveCfg = Release|Any CPU
		{002FA3BF-6585-4041-96BC-19414D2427D7}.Release|Any CPU.Build.0 = Release|Any CPU
		{0806F24C-6431-435C-BD6E-E5108237B38C}.Debug|Any CPU.ActiveCfg = Debug|Any CPU
		{0806F24C-6431-435C-BD6E-E5108237B38C}.Debug|Any CPU.Build.0 = Debug|Any CPU
		{0806F24C-6431-435C-BD6E-E5108237B38C}.Release|Any CPU.ActiveCfg = Release|Any CPU
		{0806F24C-6431-435C-BD6E-E5108237B38C}.Release|Any CPU.Build.0 = Release|Any CPU
		{2B619B52-DAD5-4588-B16B-8D499CF09897}.Debug|Any CPU.ActiveCfg = Debug|Any CPU
		{2B619B52-DAD5-4588-B16B-8D499CF09897}.Debug|Any CPU.Build.0 = Debug|Any CPU
		{2B619B52-DAD5-4588-B16B-8D499CF09897}.Release|Any CPU.ActiveCfg = Release|Any CPU
		{2B619B52-DAD5-4588-B16B-8D499CF09897}.Release|Any CPU.Build.0 = Release|Any CPU
	EndGlobalSection
	GlobalSection(SolutionProperties) = preSolution
		HideSolutionNode = FALSE
	EndGlobalSection
	GlobalSection(NestedProjects) = preSolution
		{56086777-9FD3-4966-8732-B6961E675BD8} = {CB93CBE3-B1CB-41C2-9EED-EE8865AD1DA7}
		{F92FDF6C-A859-4668-8293-DA8EAE900B39} = {CB93CBE3-B1CB-41C2-9EED-EE8865AD1DA7}
		{64E18C74-E4AA-4B49-AD35-3FD59D23C0A1} = {CB93CBE3-B1CB-41C2-9EED-EE8865AD1DA7}
		{1BE0EE49-9CA6-4967-BB4D-924117AADF93} = {E4C2C2A7-683A-4828-B1CF-A3A2A1678B05}
		{95E00844-DA8B-4AD6-9A8E-4DE7BF4A2725} = {E4C2C2A7-683A-4828-B1CF-A3A2A1678B05}
		{536DF681-9C5F-4240-98A2-50FC227B8C53} = {E4C2C2A7-683A-4828-B1CF-A3A2A1678B05}
		{002FA3BF-6585-4041-96BC-19414D2427D7} = {2CC46B04-8AB5-42DC-A2CF-D880E0F38468}
		{0806F24C-6431-435C-BD6E-E5108237B38C} = {2CC46B04-8AB5-42DC-A2CF-D880E0F38468}
		{2B619B52-DAD5-4588-B16B-8D499CF09897} = {2CC46B04-8AB5-42DC-A2CF-D880E0F38468}
	EndGlobalSection
	GlobalSection(ExtensibilityGlobals) = postSolution
		SolutionGuid = {6657A11B-BE3F-4BFD-8AD1-CC3148B30AE8}
	EndGlobalSection
EndGlobal
